
Microsoft Visual Studio Solution File, Format Version 12.00
# Visual Studio 15
VisualStudioVersion = 15.0.28010.2050
MinimumVisualStudioVersion = 10.0.40219.1
Project("{8BC9CEB8-8B4A-11D0-8D11-00A0C91BC942}") = "函数", "函数\函数.vcxproj", "{B5A780AD-3C85-4D76-AD8B-C401674FFBC4}"
EndProject
Global
	GlobalSection(SolutionConfigurationPlatforms) = preSolution
		Debug|x64 = Debug|x64
		Debug|x86 = Debug|x86
		Release|x64 = Release|x64
		Release|x86 = Release|x86
	EndGlobalSection
	GlobalSection(ProjectConfigurationPlatforms) = postSolution
		{B5A780AD-3C85-4D76-AD8B-C401674FFBC4}.Debug|x64.ActiveCfg = Debug|x64
		{B5A780AD-3C85-4D76-AD8B-C401674FFBC4}.Debug|x64.Build.0 = Debug|x64
		{B5A780AD-3C85-4D76-AD8B-C401674FFBC4}.Debug|x86.ActiveCfg = Debug|Win32
		{B5A780AD-3C85-4D76-AD8B-C401674FFBC4}.Debug|x86.Build.0 = Debug|Win32
		{B5A780AD-3C85-4D76-AD8B-C401674FFBC4}.Release|x64.ActiveCfg = Release|x64
		{B5A780AD-3C85-4D76-AD8B-C401674FFBC4}.Release|x64.Build.0 = Release|x64
		{B5A780AD-3C85-4D76-AD8B-C401674FFBC4}.Release|x86.ActiveCfg = Release|Win32
		{B5A780AD-3C85-4D76-AD8B-C401674FFBC4}.Release|x86.Build.0 = Release|Win32
	EndGlobalSection
	GlobalSection(SolutionProperties) = preSolution
		HideSolutionNode = FALSE
	EndGlobalSection
	GlobalSection(ExtensibilityGlobals) = postSolution
		SolutionGuid = {08BC85E1-CA0E-434F-ADF3-934E24B3AA3E}
	EndGlobalSection
EndGlobal
