
Microsoft Visual Studio Solution File, Format Version 12.00
# Visual Studio 15
VisualStudioVersion = 15.0.28010.2050
MinimumVisualStudioVersion = 10.0.40219.1
Project("{8BC9CEB8-8B4A-11D0-8D11-00A0C91BC942}") = "01 C++书写HelloWorld", "01 C++书写HelloWorld\01 C++书写HelloWorld.vcxproj", "{4405E95F-79F8-4ED7-BF7D-D10630E1EDDC}"
EndProject
Global
	GlobalSection(SolutionConfigurationPlatforms) = preSolution
		Debug|x64 = Debug|x64
		Debug|x86 = Debug|x86
		Release|x64 = Release|x64
		Release|x86 = Release|x86
	EndGlobalSection
	GlobalSection(ProjectConfigurationPlatforms) = postSolution
		{4405E95F-79F8-4ED7-BF7D-D10630E1EDDC}.Debug|x64.ActiveCfg = Debug|x64
		{4405E95F-79F8-4ED7-BF7D-D10630E1EDDC}.Debug|x64.Build.0 = Debug|x64
		{4405E95F-79F8-4ED7-BF7D-D10630E1EDDC}.Debug|x86.ActiveCfg = Debug|Win32
		{4405E95F-79F8-4ED7-BF7D-D10630E1EDDC}.Debug|x86.Build.0 = Debug|Win32
		{4405E95F-79F8-4ED7-BF7D-D10630E1EDDC}.Release|x64.ActiveCfg = Release|x64
		{4405E95F-79F8-4ED7-BF7D-D10630E1EDDC}.Release|x64.Build.0 = Release|x64
		{4405E95F-79F8-4ED7-BF7D-D10630E1EDDC}.Release|x86.ActiveCfg = Release|Win32
		{4405E95F-79F8-4ED7-BF7D-D10630E1EDDC}.Release|x86.Build.0 = Release|Win32
	EndGlobalSection
	GlobalSection(SolutionProperties) = preSolution
		HideSolutionNode = FALSE
	EndGlobalSection
	GlobalSection(ExtensibilityGlobals) = postSolution
		SolutionGuid = {AF36A4FB-193C-495E-843E-888FC9137B04}
	EndGlobalSection
EndGlobal
